
Microsoft Visual Studio Solution File, Format Version 12.00
# Visual Studio Version 17
VisualStudioVersion = 17.7.34202.233
MinimumVisualStudioVersion = 10.0.40219.1
Project("{FAE04EC0-301F-11D3-BF4B-00C04F79EFBC}") = "WebAutomation", "WebAutomation.csproj", "{EC29805A-D0E3-4FFA-8AF8-9534D447D6B7}"
EndProject
Global
	GlobalSection(SolutionConfigurationPlatforms) = preSolution
		Debug|Any CPU = Debug|Any CPU
		Release|Any CPU = Release|Any CPU
	EndGlobalSection
	GlobalSection(ProjectConfigurationPlatforms) = postSolution
		{EC29805A-D0E3-4FFA-8AF8-9534D447D6B7}.Debug|Any CPU.ActiveCfg = Debug|Any CPU
		{EC29805A-D0E3-4FFA-8AF8-9534D447D6B7}.Debug|Any CPU.Build.0 = Debug|Any CPU
		{EC29805A-D0E3-4FFA-8AF8-9534D447D6B7}.Release|Any CPU.ActiveCfg = Release|Any CPU
		{EC29805A-D0E3-4FFA-8AF8-9534D447D6B7}.Release|Any CPU.Build.0 = Release|Any CPU
	EndGlobalSection
	GlobalSection(SolutionProperties) = preSolution
		HideSolutionNode = FALSE
	EndGlobalSection
	GlobalSection(ExtensibilityGlobals) = postSolution
		SolutionGuid = {5E5CF162-447B-4907-A46C-DA4329151C0B}
	EndGlobalSection
EndGlobal
